
Microsoft Visual Studio Solution File, Format Version 12.00
# Visual Studio 15
Project("{FAE04EC0-301F-11D3-BF4B-00C04F79EFBC}") = "Assembly-CSharp", "Assembly-CSharp.csproj", "{259E6A5D-E088-EF6F-9B9C-BE6966059DF6}"
EndProject
Project("{FAE04EC0-301F-11D3-BF4B-00C04F79EFBC}") = "Unity.InputSystem.RebindingUI", "Unity.InputSystem.RebindingUI.csproj", "{C21BAD33-750A-F044-6F05-9A374BE8EE08}"
EndProject
Global
	GlobalSection(SolutionConfigurationPlatforms) = preSolution
		Debug|Any CPU = Debug|Any CPU
		Release|Any CPU = Release|Any CPU
	EndGlobalSection
	GlobalSection(ProjectConfigurationPlatforms) = postSolution
		{259E6A5D-E088-EF6F-9B9C-BE6966059DF6}.Debug|Any CPU.ActiveCfg = Debug|Any CPU
		{259E6A5D-E088-EF6F-9B9C-BE6966059DF6}.Debug|Any CPU.Build.0 = Debug|Any CPU
		{259E6A5D-E088-EF6F-9B9C-BE6966059DF6}.Release|Any CPU.ActiveCfg = Release|Any CPU
		{259E6A5D-E088-EF6F-9B9C-BE6966059DF6}.Release|Any CPU.Build.0 = Release|Any CPU
		{C21BAD33-750A-F044-6F05-9A374BE8EE08}.Debug|Any CPU.ActiveCfg = Debug|Any CPU
		{C21BAD33-750A-F044-6F05-9A374BE8EE08}.Debug|Any CPU.Build.0 = Debug|Any CPU
		{C21BAD33-750A-F044-6F05-9A374BE8EE08}.Release|Any CPU.ActiveCfg = Release|Any CPU
		{C21BAD33-750A-F044-6F05-9A374BE8EE08}.Release|Any CPU.Build.0 = Release|Any CPU
	EndGlobalSection
	GlobalSection(SolutionProperties) = preSolution
		HideSolutionNode = FALSE
	EndGlobalSection
EndGlobal
